
Microsoft Visual Studio Solution File, Format Version 12.00
# Visual Studio Version 16
VisualStudioVersion = 16.0.31911.196
MinimumVisualStudioVersion = 10.0.40219.1
Project("{888888A0-9F3D-457C-B088-3A5042F75D52}") = "MedWordCorrelationMatrix", "MedWordCorrelationMatrix\MedWordCorrelationMatrix.pyproj", "{5086867A-8FE3-439A-970C-FD2357C8E3F9}"
EndProject
Global
	GlobalSection(SolutionConfigurationPlatforms) = preSolution
		Debug|Any CPU = Debug|Any CPU
		Release|Any CPU = Release|Any CPU
	EndGlobalSection
	GlobalSection(ProjectConfigurationPlatforms) = postSolution
		{5086867A-8FE3-439A-970C-FD2357C8E3F9}.Debug|Any CPU.ActiveCfg = Debug|Any CPU
		{5086867A-8FE3-439A-970C-FD2357C8E3F9}.Release|Any CPU.ActiveCfg = Release|Any CPU
	EndGlobalSection
	GlobalSection(SolutionProperties) = preSolution
		HideSolutionNode = FALSE
	EndGlobalSection
	GlobalSection(ExtensibilityGlobals) = postSolution
		SolutionGuid = {40A9A863-D9B4-4448-B61E-BF6D9BE74C65}
	EndGlobalSection
EndGlobal
